
Microsoft Visual Studio Solution File, Format Version 12.00
# Visual Studio Version 16
VisualStudioVersion = 16.0.809.4
MinimumVisualStudioVersion = 10.0.40219.1
Project("{FAE04EC0-301F-11D3-BF4B-00C04F79EFBC}") = "OneSignalXamarinTest.Android", "OneSignalXamarinTest.Android\OneSignalXamarinTest.Android.csproj", "{CC77E1A5-900B-492D-B4E8-2C8C9A4EC11B}"
EndProject
Project("{FAE04EC0-301F-11D3-BF4B-00C04F79EFBC}") = "OneSignalXamarinTest", "OneSignalXamarinTest\OneSignalXamarinTest.csproj", "{DE7FF1D8-86FF-44D3-840B-E7AB0512A817}"
EndProject
Global
	GlobalSection(SolutionConfigurationPlatforms) = preSolution
		Debug|Any CPU = Debug|Any CPU
		Release|Any CPU = Release|Any CPU
		Debug|iPhoneSimulator = Debug|iPhoneSimulator
		Release|iPhoneSimulator = Release|iPhoneSimulator
		Debug|iPhone = Debug|iPhone
		Release|iPhone = Release|iPhone
	EndGlobalSection
	GlobalSection(ProjectConfigurationPlatforms) = postSolution
		{CC77E1A5-900B-492D-B4E8-2C8C9A4EC11B}.Debug|Any CPU.ActiveCfg = Debug|Any CPU
		{CC77E1A5-900B-492D-B4E8-2C8C9A4EC11B}.Debug|Any CPU.Build.0 = Debug|Any CPU
		{CC77E1A5-900B-492D-B4E8-2C8C9A4EC11B}.Release|Any CPU.ActiveCfg = Release|Any CPU
		{CC77E1A5-900B-492D-B4E8-2C8C9A4EC11B}.Release|Any CPU.Build.0 = Release|Any CPU
		{CC77E1A5-900B-492D-B4E8-2C8C9A4EC11B}.Debug|iPhoneSimulator.ActiveCfg = Debug|Any CPU
		{CC77E1A5-900B-492D-B4E8-2C8C9A4EC11B}.Debug|iPhoneSimulator.Build.0 = Debug|Any CPU
		{CC77E1A5-900B-492D-B4E8-2C8C9A4EC11B}.Release|iPhoneSimulator.ActiveCfg = Release|Any CPU
		{CC77E1A5-900B-492D-B4E8-2C8C9A4EC11B}.Release|iPhoneSimulator.Build.0 = Release|Any CPU
		{CC77E1A5-900B-492D-B4E8-2C8C9A4EC11B}.Debug|iPhone.ActiveCfg = Debug|Any CPU
		{CC77E1A5-900B-492D-B4E8-2C8C9A4EC11B}.Debug|iPhone.Build.0 = Debug|Any CPU
		{CC77E1A5-900B-492D-B4E8-2C8C9A4EC11B}.Release|iPhone.ActiveCfg = Release|Any CPU
		{CC77E1A5-900B-492D-B4E8-2C8C9A4EC11B}.Release|iPhone.Build.0 = Release|Any CPU
		{DE7FF1D8-86FF-44D3-840B-E7AB0512A817}.Debug|Any CPU.ActiveCfg = Debug|Any CPU
		{DE7FF1D8-86FF-44D3-840B-E7AB0512A817}.Debug|Any CPU.Build.0 = Debug|Any CPU
		{DE7FF1D8-86FF-44D3-840B-E7AB0512A817}.Release|Any CPU.ActiveCfg = Release|Any CPU
		{DE7FF1D8-86FF-44D3-840B-E7AB0512A817}.Release|Any CPU.Build.0 = Release|Any CPU
		{DE7FF1D8-86FF-44D3-840B-E7AB0512A817}.Debug|iPhoneSimulator.ActiveCfg = Debug|Any CPU
		{DE7FF1D8-86FF-44D3-840B-E7AB0512A817}.Debug|iPhoneSimulator.Build.0 = Debug|Any CPU
		{DE7FF1D8-86FF-44D3-840B-E7AB0512A817}.Release|iPhoneSimulator.ActiveCfg = Release|Any CPU
		{DE7FF1D8-86FF-44D3-840B-E7AB0512A817}.Release|iPhoneSimulator.Build.0 = Release|Any CPU
		{DE7FF1D8-86FF-44D3-840B-E7AB0512A817}.Debug|iPhone.ActiveCfg = Debug|Any CPU
		{DE7FF1D8-86FF-44D3-840B-E7AB0512A817}.Debug|iPhone.Build.0 = Debug|Any CPU
		{DE7FF1D8-86FF-44D3-840B-E7AB0512A817}.Release|iPhone.ActiveCfg = Release|Any CPU
		{DE7FF1D8-86FF-44D3-840B-E7AB0512A817}.Release|iPhone.Build.0 = Release|Any CPU
	EndGlobalSection
	GlobalSection(SolutionProperties) = preSolution
		HideSolutionNode = FALSE
	EndGlobalSection
	GlobalSection(ExtensibilityGlobals) = postSolution
		SolutionGuid = {9EE2E1E1-D528-44A5-8122-E308FFCB95C0}
	EndGlobalSection
EndGlobal
